// !$*UTF8*$!
{
	archiveVersion = 1;
	classes = {
	};
	objectVersion = 50;
	objects = {

/* Begin PBXBuildFile section */
		29E5E734257A8D6800C3F39D /* AppDelegate.swift in Sources */ = {isa = PBXBuildFile; fileRef = 29E5E733257A8D6800C3F39D /* AppDelegate.swift */; };
		29E5E736257A8D6800C3F39D /* SceneDelegate.swift in Sources */ = {isa = PBXBuildFile; fileRef = 29E5E735257A8D6800C3F39D /* SceneDelegate.swift */; };
		29E5E738257A8D6800C3F39D /* ViewController.swift in Sources */ = {isa = PBXBuildFile; fileRef = 29E5E737257A8D6800C3F39D /* ViewController.swift */; };
		29E5E73B257A8D6800C3F39D /* Main.storyboard in Resources */ = {isa = PBXBuildFile; fileRef = 29E5E739257A8D6800C3F39D /* Main.storyboard */; };
		29E5E73D257A8D6A00C3F39D /* Assets.xcassets in Resources */ = {isa = PBXBuildFile; fileRef = 29E5E73C257A8D6A00C3F39D /* Assets.xcassets */; };
		29E5E740257A8D6A00C3F39D /* LaunchScreen.storyboard in Resources */ = {isa = PBXBuildFile; fileRef = 29E5E73E257A8D6A00C3F39D /* LaunchScreen.storyboard */; };
		29E5E748257A8E5D00C3F39D /* FirstViewController.swift in Sources */ = {isa = PBXBuildFile; fileRef = 29E5E747257A8E5D00C3F39D /* FirstViewController.swift */; };
		29E5E74A257A8E6E00C3F39D /* SecondViewController.swift in Sources */ = {isa = PBXBuildFile; fileRef = 29E5E749257A8E6E00C3F39D /* SecondViewController.swift */; };
		29E5E74C257A8F0400C3F39D /* CustomizedTabBar.swift in Sources */ = {isa = PBXBuildFile; fileRef = 29E5E74B257A8F0400C3F39D /* CustomizedTabBar.swift */; };
		29E5E74E257A8F5D00C3F39D /* MyTabBarController.swift in Sources */ = {isa = PBXBuildFile; fileRef = 29E5E74D257A8F5D00C3F39D /* MyTabBarController.swift */; };
/* End PBXBuildFile section */

/* Begin PBXFileReference section */
		29E5E730257A8D6800C3F39D /* tabbarDemo.app */ = {isa = PBXFileReference; explicitFileType = wrapper.application; includeInIndex = 0; path = tabbarDemo.app; sourceTree = BUILT_PRODUCTS_DIR; };
		29E5E733257A8D6800C3F39D /* AppDelegate.swift */ = {isa = PBXFileReference; lastKnownFileType = sourcecode.swift; path = AppDelegate.swift; sourceTree = "<group>"; };
		29E5E735257A8D6800C3F39D /* SceneDelegate.swift */ = {isa = PBXFileReference; lastKnownFileType = sourcecode.swift; path = SceneDelegate.swift; sourceTree = "<group>"; };
		29E5E737257A8D6800C3F39D /* ViewController.swift */ = {isa = PBXFileReference; lastKnownFileType = sourcecode.swift; path = ViewController.swift; sourceTree = "<group>"; };
		29E5E73A257A8D6800C3F39D /* Base */ = {isa = PBXFileReference; lastKnownFileType = file.storyboard; name = Base; path = Base.lproj/Main.storyboard; sourceTree = "<group>"; };
		29E5E73C257A8D6A00C3F39D /* Assets.xcassets */ = {isa = PBXFileReference; lastKnownFileType = folder.assetcatalog; path = Assets.xcassets; sourceTree = "<group>"; };
		29E5E73F257A8D6A00C3F39D /* Base */ = {isa = PBXFileReference; lastKnownFileType = file.storyboard; name = Base; path = Base.lproj/LaunchScreen.storyboard; sourceTree = "<group>"; };
		29E5E741257A8D6A00C3F39D /* Info.plist */ = {isa = PBXFileReference; lastKnownFileType = text.plist.xml; path = Info.plist; sourceTree = "<group>"; };
		29E5E747257A8E5D00C3F39D /* FirstViewController.swift */ = {isa = PBXFileReference; lastKnownFileType = sourcecode.swift; path = FirstViewController.swift; sourceTree = "<group>"; };
		29E5E749257A8E6E00C3F39D /* SecondViewController.swift */ = {isa = PBXFileReference; lastKnownFileType = sourcecode.swift; path = SecondViewController.swift; sourceTree = "<group>"; };
		29E5E74B257A8F0400C3F39D /* CustomizedTabBar.swift */ = {isa = PBXFileReference; lastKnownFileType = sourcecode.swift; path = CustomizedTabBar.swift; sourceTree = "<group>"; };
		29E5E74D257A8F5D00C3F39D /* MyTabBarController.swift */ = {isa = PBXFileReference; lastKnownFileType = sourcecode.swift; path = MyTabBarController.swift; sourceTree = "<group>"; };
/* End PBXFileReference section */

/* Begin PBXFrameworksBuildPhase section */
		29E5E72D257A8D6800C3F39D /* Frameworks */ = {
			isa = PBXFrameworksBuildPhase;
			buildActionMask = 2147483647;
			files = (
			);
			runOnlyForDeploymentPostprocessing = 0;
		};
/* End PBXFrameworksBuildPhase section */

/* Begin PBXGroup section */
		29E5E727257A8D6800C3F39D = {
			isa = PBXGroup;
			children = (
				29E5E732257A8D6800C3F39D /* tabbarDemo */,
				29E5E731257A8D6800C3F39D /* Products */,
			);
			sourceTree = "<group>";
		};
		29E5E731257A8D6800C3F39D /* Products */ = {
			isa = PBXGroup;
			children = (
				29E5E730257A8D6800C3F39D /* tabbarDemo.app */,
			);
			name = Products;
			sourceTree = "<group>";
		};
		29E5E732257A8D6800C3F39D /* tabbarDemo */ = {
			isa = PBXGroup;
			children = (
				29E5E733257A8D6800C3F39D /* AppDelegate.swift */,
				29E5E735257A8D6800C3F39D /* SceneDelegate.swift */,
				29E5E737257A8D6800C3F39D /* ViewController.swift */,
				29E5E739257A8D6800C3F39D /* Main.storyboard */,
				29E5E73C257A8D6A00C3F39D /* Assets.xcassets */,
				29E5E73E257A8D6A00C3F39D /* LaunchScreen.storyboard */,
				29E5E741257A8D6A00C3F39D /* Info.plist */,
				29E5E747257A8E5D00C3F39D /* FirstViewController.swift */,
				29E5E749257A8E6E00C3F39D /* SecondViewController.swift */,
				29E5E74B257A8F0400C3F39D /* CustomizedTabBar.swift */,
				29E5E74D257A8F5D00C3F39D /* MyTabBarController.swift */,
			);
			path = tabbarDemo;
			sourceTree = "<group>";
		};
/* End PBXGroup section */

/* Begin PBXNativeTarget section */
		29E5E72F257A8D6800C3F39D /* tabbarDemo */ = {
			isa = PBXNativeTarget;
			buildConfigurationList = 29E5E744257A8D6A00C3F39D /* Build configuration list for PBXNativeTarget "tabbarDemo" */;
			buildPhases = (
				29E5E72C257A8D6800C3F39D /* Sources */,
				29E5E72D257A8D6800C3F39D /* Frameworks */,
				29E5E72E257A8D6800C3F39D /* Resources */,
			);
			buildRules = (
			);
			dependencies = (
			);
			name = tabbarDemo;
			productName = tabbarDemo;
			productReference = 29E5E730257A8D6800C3F39D /* tabbarDemo.app */;
			productType = "com.apple.product-type.application";
		};
/* End PBXNativeTarget section */

/* Begin PBXProject section */
		29E5E728257A8D6800C3F39D /* Project object */ = {
			isa = PBXProject;
			attributes = {
				LastSwiftUpdateCheck = 1130;
				LastUpgradeCheck = 1130;
				ORGANIZATIONNAME = Mutter;
				TargetAttributes = {
					29E5E72F257A8D6800C3F39D = {
						CreatedOnToolsVersion = 11.3;
					};
				};
			};
			buildConfigurationList = 29E5E72B257A8D6800C3F39D /* Build configuration list for PBXProject "tabbarDemo" */;
			compatibilityVersion = "Xcode 9.3";
			developmentRegion = en;
			hasScannedForEncodings = 0;
			knownRegions = (
				en,
				Base,
			);
			mainGroup = 29E5E727257A8D6800C3F39D;
			productRefGroup = 29E5E731257A8D6800C3F39D /* Products */;
			projectDirPath = "";
			projectRoot = "";
			targets = (
				29E5E72F257A8D6800C3F39D /* tabbarDemo */,
			);
		};
/* End PBXProject section */

/* Begin PBXResourcesBuildPhase section */
		29E5E72E257A8D6800C3F39D /* Resources */ = {
			isa = PBXResourcesBuildPhase;
			buildActionMask = 2147483647;
			files = (
				29E5E740257A8D6A00C3F39D /* LaunchScreen.storyboard in Resources */,
				29E5E73D257A8D6A00C3F39D /* Assets.xcassets in Resources */,
				29E5E73B257A8D6800C3F39D /* Main.storyboard in Resources */,
			);
			runOnlyForDeploymentPostprocessing = 0;
		};
/* End PBXResourcesBuildPhase section */

/* Begin PBXSourcesBuildPhase section */
		29E5E72C257A8D6800C3F39D /* Sources */ = {
			isa = PBXSourcesBuildPhase;
			buildActionMask = 2147483647;
			files = (
				29E5E74C257A8F0400C3F39D /* CustomizedTabBar.swift in Sources */,
				29E5E738257A8D6800C3F39D /* ViewController.swift in Sources */,
				29E5E734257A8D6800C3F39D /* AppDelegate.swift in Sources */,
				29E5E736257A8D6800C3F39D /* SceneDelegate.swift in Sources */,
				29E5E74A257A8E6E00C3F39D /* SecondViewController.swift in Sources */,
				29E5E748257A8E5D00C3F39D /* FirstViewController.swift in Sources */,
				29E5E74E257A8F5D00C3F39D /* MyTabBarController.swift in Sources */,
			);
			runOnlyForDeploymentPostprocessing = 0;
		};
/* End PBXSourcesBuildPhase section */

/* Begin PBXVariantGroup section */
		29E5E739257A8D6800C3F39D /* Main.storyboard */ = {
			isa = PBXVariantGroup;
			children = (
				29E5E73A257A8D6800C3F39D /* Base */,
			);
			name = Main.storyboard;
			sourceTree = "<group>";
		};
		29E5E73E257A8D6A00C3F39D /* LaunchScreen.storyboard */ = {
			isa = PBXVariantGroup;
			children = (
				29E5E73F257A8D6A00C3F39D /* Base */,
			);
			name = LaunchScreen.storyboard;
			sourceTree = "<group>";
		};
/* End PBXVariantGroup section */

/* Begin XCBuildConfiguration section */
		29E5E742257A8D6A00C3F39D /* Debug */ = {
			isa = XCBuildConfiguration;
			buildSettings = {
				ALWAYS_SEARCH_USER_PATHS = NO;
				CLANG_ANALYZER_NONNULL = YES;
				CLANG_ANALYZER_NUMBER_OBJECT_CONVERSION = YES_AGGRESSIVE;
				CLANG_CXX_LANGUAGE_STANDARD = "gnu++14";
				CLANG_CXX_LIBRARY = "libc++";
				CLANG_ENABLE_MODULES = YES;
				CLANG_ENABLE_OBJC_ARC = YES;
				CLANG_ENABLE_OBJC_WEAK = YES;
				CLANG_WARN_BLOCK_CAPTURE_AUTORELEASING = YES;
				CLANG_WARN_BOOL_CONVERSION = YES;
				CLANG_WARN_COMMA = YES;
				CLANG_WARN_CONSTANT_CONVERSION = YES;
				CLANG_WARN_DEPRECATED_OBJC_IMPLEMENTATIONS = YES;
				CLANG_WARN_DIRECT_OBJC_ISA_USAGE = YES_ERROR;
				CLANG_WARN_DOCUMENTATION_COMMENTS = YES;
				CLANG_WARN_EMPTY_BODY = YES;
				CLANG_WARN_ENUM_CONVERSION = YES;
				CLANG_WARN_INFINITE_RECURSION = YES;
				CLANG_WARN_INT_CONVERSION = YES;
				CLANG_WARN_NON_LITERAL_NULL_CONVERSION = YES;
				CLANG_WARN_OBJC_IMPLICIT_RETAIN_SELF = YES;
				CLANG_WARN_OBJC_LITERAL_CONVERSION = YES;
				CLANG_WARN_OBJC_ROOT_CLASS = YES_ERROR;
				CLANG_WARN_RANGE_LOOP_ANALYSIS = YES;
				CLANG_WARN_STRICT_PROTOTYPES = YES;
				CLANG_WARN_SUSPICIOUS_MOVE = YES;
				CLANG_WARN_UNGUARDED_AVAILABILITY = YES_AGGRESSIVE;
				CLANG_WARN_UNREACHABLE_CODE = YES;
				CLANG_WARN__DUPLICATE_METHOD_MATCH = YES;
				COPY_PHASE_STRIP = NO;
				DEBUG_INFORMATION_FORMAT = dwarf;
				ENABLE_STRICT_OBJC_MSGSEND = YES;
				ENABLE_TESTABILITY = YES;
				GCC_C_LANGUAGE_STANDARD = gnu11;
				GCC_DYNAMIC_NO_PIC = NO;
				GCC_NO_COMMON_BLOCKS = YES;
				GCC_OPTIMIZATION_LEVEL = 0;
				GCC_PREPROCESSOR_DEFINITIONS = (
					"DEBUG=1",
					"$(inherited)",
				);
				GCC_WARN_64_TO_32_BIT_CONVERSION = YES;
				GCC_WARN_ABOUT_RETURN_TYPE = YES_ERROR;
				GCC_WARN_UNDECLARED_SELECTOR = YES;
				GCC_WARN_UNINITIALIZED_AUTOS = YES_AGGRESSIVE;
				GCC_WARN_UNUSED_FUNCTION = YES;
				GCC_WARN_UNUSED_VARIABLE = YES;
				IPHONEOS_DEPLOYMENT_TARGET = 13.2;
				MTL_ENABLE_DEBUG_INFO = INCLUDE_SOURCE;
				MTL_FAST_MATH = YES;
				ONLY_ACTIVE_ARCH = YES;
				SDKROOT = iphoneos;
				SWIFT_ACTIVE_COMPILATION_CONDITIONS = DEBUG;
				SWIFT_OPTIMIZATION_LEVEL = "-Onone";
			};
			name = Debug;
		};
		29E5E743257A8D6A00C3F39D /* Release */ = {
			isa = XCBuildConfiguration;
			buildSettings = {
				ALWAYS_SEARCH_USER_PATHS = NO;
				CLANG_ANALYZER_NONNULL = YES;
				CLANG_ANALYZER_NUMBER_OBJECT_CONVERSION = YES_AGGRESSIVE;
				CLANG_CXX_LANGUAGE_STANDARD = "gnu++14";
				CLANG_CXX_LIBRARY = "libc++";
				CLANG_ENABLE_MODULES = YES;
				CLANG_ENABLE_OBJC_ARC = YES;
				CLANG_ENABLE_OBJC_WEAK = YES;
				CLANG_WARN_BLOCK_CAPTURE_AUTORELEASING = YES;
				CLANG_WARN_BOOL_CONVERSION = YES;
				CLANG_WARN_COMMA = YES;
				CLANG_WARN_CONSTANT_CONVERSION = YES;
				CLANG_WARN_DEPRECATED_OBJC_IMPLEMENTATIONS = YES;
				CLANG_WARN_DIRECT_OBJC_ISA_USAGE = YES_ERROR;
				CLANG_WARN_DOCUMENTATION_COMMENTS = YES;
				CLANG_WARN_EMPTY_BODY = YES;
				CLANG_WARN_ENUM_CONVERSION = YES;
				CLANG_WARN_INFINITE_RECURSION = YES;
				CLANG_WARN_INT_CONVERSION = YES;
				CLANG_WARN_NON_LITERAL_NULL_CONVERSION = YES;
				CLANG_WARN_OBJC_IMPLICIT_RETAIN_SELF = YES;
				CLANG_WARN_OBJC_LITERAL_CONVERSION = YES;
				CLANG_WARN_OBJC_ROOT_CLASS = YES_ERROR;
				CLANG_WARN_RANGE_LOOP_ANALYSIS = YES;
				CLANG_WARN_STRICT_PROTOTYPES = YES;
				CLANG_WARN_SUSPICIOUS_MOVE = YES;
				CLANG_WARN_UNGUARDED_AVAILABILITY = YES_AGGRESSIVE;
				CLANG_WARN_UNREACHABLE_CODE = YES;
				CLANG_WARN__DUPLICATE_METHOD_MATCH = YES;
				COPY_PHASE_STRIP = NO;
				DEBUG_INFORMATION_FORMAT = "dwarf-with-dsym";
				ENABLE_NS_ASSERTIONS = NO;
				ENABLE_STRICT_OBJC_MSGSEND = YES;
				GCC_C_LANGUAGE_STANDARD = gnu11;
				GCC_NO_COMMON_BLOCKS = YES;
				GCC_WARN_64_TO_32_BIT_CONVERSION = YES;
				GCC_WARN_ABOUT_RETURN_TYPE = YES_ERROR;
				GCC_WARN_UNDECLARED_SELECTOR = YES;
				GCC_WARN_UNINITIALIZED_AUTOS = YES_AGGRESSIVE;
				GCC_WARN_UNUSED_FUNCTION = YES;
				GCC_WARN_UNUSED_VARIABLE = YES;
				IPHONEOS_DEPLOYMENT_TARGET = 13.2;
				MTL_ENABLE_DEBUG_INFO = NO;
				MTL_FAST_MATH = YES;
				SDKROOT = iphoneos;
				SWIFT_COMPILATION_MODE = wholemodule;
				SWIFT_OPTIMIZATION_LEVEL = "-O";
				VALIDATE_PRODUCT = YES;
			};
			name = Release;
		};
		29E5E745257A8D6A00C3F39D /* Debug */ = {
			isa = XCBuildConfiguration;
			buildSettings = {
				ASSETCATALOG_COMPILER_APPICON_NAME = AppIcon;
				CODE_SIGN_STYLE = Automatic;
				INFOPLIST_FILE = tabbarDemo/Info.plist;
				LD_RUNPATH_SEARCH_PATHS = (
					"$(inherited)",
					"@executable_path/Frameworks",
				);
				PRODUCT_BUNDLE_IDENTIFIER = com.tabbarDemo;
				PRODUCT_NAME = "$(TARGET_NAME)";
				SWIFT_VERSION = 5.0;
				TARGETED_DEVICE_FAMILY = "1,2";
			};
			name = Debug;
		};
		29E5E746257A8D6A00C3F39D /* Release */ = {
			isa = XCBuildConfiguration;
			buildSettings = {
				ASSETCATALOG_COMPILER_APPICON_NAME = AppIcon;
				CODE_SIGN_STYLE = Automatic;
				INFOPLIST_FILE = tabbarDemo/Info.plist;
				LD_RUNPATH_SEARCH_PATHS = (
					"$(inherited)",
					"@executable_path/Frameworks",
				);
				PRODUCT_BUNDLE_IDENTIFIER = com.tabbarDemo;
				PRODUCT_NAME = "$(TARGET_NAME)";
				SWIFT_VERSION = 5.0;
				TARGETED_DEVICE_FAMILY = "1,2";
			};
			name = Release;
		};
/* End XCBuildConfiguration section */

/* Begin XCConfigurationList section */
		29E5E72B257A8D6800C3F39D /* Build configuration list for PBXProject "tabbarDemo" */ = {
			isa = XCConfigurationList;
			buildConfigurations = (
				29E5E742257A8D6A00C3F39D /* Debug */,
				29E5E743257A8D6A00C3F39D /* Release */,
			);
			defaultConfigurationIsVisible = 0;
			defaultConfigurationName = Release;
		};
		29E5E744257A8D6A00C3F39D /* Build configuration list for PBXNativeTarget "tabbarDemo" */ = {
			isa = XCConfigurationList;
			buildConfigurations = (
				29E5E745257A8D6A00C3F39D /* Debug */,
				29E5E746257A8D6A00C3F39D /* Release */,
			);
			defaultConfigurationIsVisible = 0;
			defaultConfigurationName = Release;
		};
/* End XCConfigurationList section */
	};
	rootObject = 29E5E728257A8D6800C3F39D /* Project object */;
}
